
Microsoft Visual Studio Solution File, Format Version 12.00
# Visual Studio Version 17
VisualStudioVersion = 17.1.32319.34
MinimumVisualStudioVersion = 10.0.40219.1
Project("{2150E333-8FDC-42A3-9474-1A3956D46DE8}") = "Solution Items", "Solution Items", "{CE0E76D6-E10A-4B36-ACC3-AF260F26E554}"
	ProjectSection(SolutionItems) = preProject
		.editorconfig = .editorconfig
		README.md = README.md
	EndProjectSection
EndProject
Project("{2150E333-8FDC-42A3-9474-1A3956D46DE8}") = "Tests", "Tests", "{091A83D0-11FF-47EC-89F0-558F976EF58D}"
EndProject
Project("{9A19103F-16F7-4668-BE54-9A1E7A4F7556}") = "IkeMtz.NRSRx.Templates", "src\IkeMtz.NRSRx.Templates\IkeMtz.NRSRx.Templates.csproj", "{7BC371F4-D8AD-4595-8BFE-EFAE7F3163A5}"
EndProject
Project("{FAE04EC0-301F-11D3-BF4B-00C04F79EFBC}") = "IkeMtz.NRSRx.Extensions", "src\IkeMtz.NRSRx.Extensions\IkeMtz.NRSRx.Extensions.csproj", "{C385F32D-954A-46B5-A56E-B0F9DD23C1FD}"
EndProject
Project("{FAE04EC0-301F-11D3-BF4B-00C04F79EFBC}") = "IkeMtz.NRSRx.Project.Template", "src\IkeMtz.NRSRx.Project.Template\IkeMtz.NRSRx.Project.Template.csproj", "{049E63FD-8005-4035-ADFF-0CCB6209C439}"
EndProject
Project("{9A19103F-16F7-4668-BE54-9A1E7A4F7556}") = "My.NRSRx1.Models", "tests\My.NRSRx1.Models\My.NRSRx1.Models.csproj", "{F884E038-917C-4174-9A86-9B998B9A3787}"
EndProject
Project("{9A19103F-16F7-4668-BE54-9A1E7A4F7556}") = "My.NRSRx1.OData", "tests\My.NRSRx1.OData\My.NRSRx1.OData.csproj", "{F2928F46-2C7C-4EA6-8450-03E55E1F2228}"
EndProject
Project("{9A19103F-16F7-4668-BE54-9A1E7A4F7556}") = "My.NRSRx1.OData.Tests", "tests\My.NRSRx1.OData.Tests\My.NRSRx1.OData.Tests.csproj", "{FD5C7BAB-D28B-4DD0-826F-ECFFCDEFB3D2}"
EndProject
Global
	GlobalSection(SolutionConfigurationPlatforms) = preSolution
		Debug|Any CPU = Debug|Any CPU
		Debug|x86 = Debug|x86
		Release|Any CPU = Release|Any CPU
		Release|x86 = Release|x86
	EndGlobalSection
	GlobalSection(ProjectConfigurationPlatforms) = postSolution
		{7BC371F4-D8AD-4595-8BFE-EFAE7F3163A5}.Debug|Any CPU.ActiveCfg = Debug|Any CPU
		{7BC371F4-D8AD-4595-8BFE-EFAE7F3163A5}.Debug|Any CPU.Build.0 = Debug|Any CPU
		{7BC371F4-D8AD-4595-8BFE-EFAE7F3163A5}.Debug|x86.ActiveCfg = Debug|Any CPU
		{7BC371F4-D8AD-4595-8BFE-EFAE7F3163A5}.Debug|x86.Build.0 = Debug|Any CPU
		{7BC371F4-D8AD-4595-8BFE-EFAE7F3163A5}.Release|Any CPU.ActiveCfg = Release|Any CPU
		{7BC371F4-D8AD-4595-8BFE-EFAE7F3163A5}.Release|Any CPU.Build.0 = Release|Any CPU
		{7BC371F4-D8AD-4595-8BFE-EFAE7F3163A5}.Release|x86.ActiveCfg = Release|Any CPU
		{7BC371F4-D8AD-4595-8BFE-EFAE7F3163A5}.Release|x86.Build.0 = Release|Any CPU
		{C385F32D-954A-46B5-A56E-B0F9DD23C1FD}.Debug|Any CPU.ActiveCfg = Debug|Any CPU
		{C385F32D-954A-46B5-A56E-B0F9DD23C1FD}.Debug|Any CPU.Build.0 = Debug|Any CPU
		{C385F32D-954A-46B5-A56E-B0F9DD23C1FD}.Debug|x86.ActiveCfg = Debug|x86
		{C385F32D-954A-46B5-A56E-B0F9DD23C1FD}.Debug|x86.Build.0 = Debug|x86
		{C385F32D-954A-46B5-A56E-B0F9DD23C1FD}.Release|Any CPU.ActiveCfg = Release|Any CPU
		{C385F32D-954A-46B5-A56E-B0F9DD23C1FD}.Release|Any CPU.Build.0 = Release|Any CPU
		{C385F32D-954A-46B5-A56E-B0F9DD23C1FD}.Release|x86.ActiveCfg = Release|x86
		{C385F32D-954A-46B5-A56E-B0F9DD23C1FD}.Release|x86.Build.0 = Release|x86
		{049E63FD-8005-4035-ADFF-0CCB6209C439}.Debug|Any CPU.ActiveCfg = Debug|Any CPU
		{049E63FD-8005-4035-ADFF-0CCB6209C439}.Debug|Any CPU.Build.0 = Debug|Any CPU
		{049E63FD-8005-4035-ADFF-0CCB6209C439}.Debug|x86.ActiveCfg = Debug|x86
		{049E63FD-8005-4035-ADFF-0CCB6209C439}.Debug|x86.Build.0 = Debug|x86
		{049E63FD-8005-4035-ADFF-0CCB6209C439}.Release|Any CPU.ActiveCfg = Release|Any CPU
		{049E63FD-8005-4035-ADFF-0CCB6209C439}.Release|Any CPU.Build.0 = Release|Any CPU
		{049E63FD-8005-4035-ADFF-0CCB6209C439}.Release|x86.ActiveCfg = Release|x86
		{049E63FD-8005-4035-ADFF-0CCB6209C439}.Release|x86.Build.0 = Release|x86
		{F884E038-917C-4174-9A86-9B998B9A3787}.Debug|Any CPU.ActiveCfg = Debug|Any CPU
		{F884E038-917C-4174-9A86-9B998B9A3787}.Debug|Any CPU.Build.0 = Debug|Any CPU
		{F884E038-917C-4174-9A86-9B998B9A3787}.Debug|x86.ActiveCfg = Debug|Any CPU
		{F884E038-917C-4174-9A86-9B998B9A3787}.Debug|x86.Build.0 = Debug|Any CPU
		{F884E038-917C-4174-9A86-9B998B9A3787}.Release|Any CPU.ActiveCfg = Release|Any CPU
		{F884E038-917C-4174-9A86-9B998B9A3787}.Release|Any CPU.Build.0 = Release|Any CPU
		{F884E038-917C-4174-9A86-9B998B9A3787}.Release|x86.ActiveCfg = Release|Any CPU
		{F884E038-917C-4174-9A86-9B998B9A3787}.Release|x86.Build.0 = Release|Any CPU
		{F2928F46-2C7C-4EA6-8450-03E55E1F2228}.Debug|Any CPU.ActiveCfg = Debug|Any CPU
		{F2928F46-2C7C-4EA6-8450-03E55E1F2228}.Debug|Any CPU.Build.0 = Debug|Any CPU
		{F2928F46-2C7C-4EA6-8450-03E55E1F2228}.Debug|x86.ActiveCfg = Debug|Any CPU
		{F2928F46-2C7C-4EA6-8450-03E55E1F2228}.Debug|x86.Build.0 = Debug|Any CPU
		{F2928F46-2C7C-4EA6-8450-03E55E1F2228}.Release|Any CPU.ActiveCfg = Release|Any CPU
		{F2928F46-2C7C-4EA6-8450-03E55E1F2228}.Release|Any CPU.Build.0 = Release|Any CPU
		{F2928F46-2C7C-4EA6-8450-03E55E1F2228}.Release|x86.ActiveCfg = Release|Any CPU
		{F2928F46-2C7C-4EA6-8450-03E55E1F2228}.Release|x86.Build.0 = Release|Any CPU
		{FD5C7BAB-D28B-4DD0-826F-ECFFCDEFB3D2}.Debug|Any CPU.ActiveCfg = Debug|Any CPU
		{FD5C7BAB-D28B-4DD0-826F-ECFFCDEFB3D2}.Debug|Any CPU.Build.0 = Debug|Any CPU
		{FD5C7BAB-D28B-4DD0-826F-ECFFCDEFB3D2}.Debug|x86.ActiveCfg = Debug|Any CPU
		{FD5C7BAB-D28B-4DD0-826F-ECFFCDEFB3D2}.Debug|x86.Build.0 = Debug|Any CPU
		{FD5C7BAB-D28B-4DD0-826F-ECFFCDEFB3D2}.Release|Any CPU.ActiveCfg = Release|Any CPU
		{FD5C7BAB-D28B-4DD0-826F-ECFFCDEFB3D2}.Release|Any CPU.Build.0 = Release|Any CPU
		{FD5C7BAB-D28B-4DD0-826F-ECFFCDEFB3D2}.Release|x86.ActiveCfg = Release|Any CPU
		{FD5C7BAB-D28B-4DD0-826F-ECFFCDEFB3D2}.Release|x86.Build.0 = Release|Any CPU
	EndGlobalSection
	GlobalSection(SolutionProperties) = preSolution
		HideSolutionNode = FALSE
	EndGlobalSection
	GlobalSection(NestedProjects) = preSolution
		{F884E038-917C-4174-9A86-9B998B9A3787} = {091A83D0-11FF-47EC-89F0-558F976EF58D}
		{F2928F46-2C7C-4EA6-8450-03E55E1F2228} = {091A83D0-11FF-47EC-89F0-558F976EF58D}
		{FD5C7BAB-D28B-4DD0-826F-ECFFCDEFB3D2} = {091A83D0-11FF-47EC-89F0-558F976EF58D}
	EndGlobalSection
	GlobalSection(ExtensibilityGlobals) = postSolution
		SolutionGuid = {0FCF9A22-0D49-4A36-BDF7-2636515EA3AB}
	EndGlobalSection
EndGlobal
