
Microsoft Visual Studio Solution File, Format Version 12.00
# Visual Studio Version 17
VisualStudioVersion = 17.1.32319.34
MinimumVisualStudioVersion = 10.0.40219.1
Project("{FAE04EC0-301F-11D3-BF4B-00C04F79EFBC}") = "NRSRx_OData", "NRSRx_OData\NRSRx_OData.csproj", "{2414209D-FB0C-4AB4-AC32-8E206F5E8282}"
EndProject
Project("{FAE04EC0-301F-11D3-BF4B-00C04F79EFBC}") = "NRSRx Project Templates", "NRSRx Project Templates\NRSRx Project Templates.csproj", "{A85EFBC9-5807-4E90-9B14-CA974DA34860}"
EndProject
Global
	GlobalSection(SolutionConfigurationPlatforms) = preSolution
		Debug|Any CPU = Debug|Any CPU
		Debug|x86 = Debug|x86
		Release|Any CPU = Release|Any CPU
		Release|x86 = Release|x86
	EndGlobalSection
	GlobalSection(ProjectConfigurationPlatforms) = postSolution
		{2414209D-FB0C-4AB4-AC32-8E206F5E8282}.Debug|Any CPU.ActiveCfg = Debug|Any CPU
		{2414209D-FB0C-4AB4-AC32-8E206F5E8282}.Debug|Any CPU.Build.0 = Debug|Any CPU
		{2414209D-FB0C-4AB4-AC32-8E206F5E8282}.Debug|x86.ActiveCfg = Debug|x86
		{2414209D-FB0C-4AB4-AC32-8E206F5E8282}.Debug|x86.Build.0 = Debug|x86
		{2414209D-FB0C-4AB4-AC32-8E206F5E8282}.Release|Any CPU.ActiveCfg = Release|Any CPU
		{2414209D-FB0C-4AB4-AC32-8E206F5E8282}.Release|Any CPU.Build.0 = Release|Any CPU
		{2414209D-FB0C-4AB4-AC32-8E206F5E8282}.Release|x86.ActiveCfg = Release|x86
		{2414209D-FB0C-4AB4-AC32-8E206F5E8282}.Release|x86.Build.0 = Release|x86
		{A85EFBC9-5807-4E90-9B14-CA974DA34860}.Debug|Any CPU.ActiveCfg = Debug|Any CPU
		{A85EFBC9-5807-4E90-9B14-CA974DA34860}.Debug|Any CPU.Build.0 = Debug|Any CPU
		{A85EFBC9-5807-4E90-9B14-CA974DA34860}.Debug|x86.ActiveCfg = Debug|x86
		{A85EFBC9-5807-4E90-9B14-CA974DA34860}.Debug|x86.Build.0 = Debug|x86
		{A85EFBC9-5807-4E90-9B14-CA974DA34860}.Release|Any CPU.ActiveCfg = Release|Any CPU
		{A85EFBC9-5807-4E90-9B14-CA974DA34860}.Release|Any CPU.Build.0 = Release|Any CPU
		{A85EFBC9-5807-4E90-9B14-CA974DA34860}.Release|x86.ActiveCfg = Release|x86
		{A85EFBC9-5807-4E90-9B14-CA974DA34860}.Release|x86.Build.0 = Release|x86
	EndGlobalSection
	GlobalSection(SolutionProperties) = preSolution
		HideSolutionNode = FALSE
	EndGlobalSection
	GlobalSection(ExtensibilityGlobals) = postSolution
		SolutionGuid = {0FCF9A22-0D49-4A36-BDF7-2636515EA3AB}
	EndGlobalSection
EndGlobal
