
Microsoft Visual Studio Solution File, Format Version 12.00
# Visual Studio Version 17
VisualStudioVersion = 17.1.32319.34
MinimumVisualStudioVersion = 10.0.40219.1
Project("{2150E333-8FDC-42A3-9474-1A3956D46DE8}") = "Solution Items", "Solution Items", "{CE0E76D6-E10A-4B36-ACC3-AF260F26E554}"
	ProjectSection(SolutionItems) = preProject
		.editorconfig = .editorconfig
		README.md = README.md
	EndProjectSection
EndProject
Project("{2150E333-8FDC-42A3-9474-1A3956D46DE8}") = "Tests", "Tests", "{091A83D0-11FF-47EC-89F0-558F976EF58D}"
EndProject
Project("{9A19103F-16F7-4668-BE54-9A1E7A4F7556}") = "IkeMtz.NRSRx.Templates", "src\IkeMtz.NRSRx.Templates\IkeMtz.NRSRx.Templates.csproj", "{7BC371F4-D8AD-4595-8BFE-EFAE7F3163A5}"
EndProject
Project("{FAE04EC0-301F-11D3-BF4B-00C04F79EFBC}") = "IkeMtz.NRSRx.Extensions", "src\IkeMtz.NRSRx.Extensions\IkeMtz.NRSRx.Extensions.csproj", "{C385F32D-954A-46B5-A56E-B0F9DD23C1FD}"
EndProject
Project("{FAE04EC0-301F-11D3-BF4B-00C04F79EFBC}") = "IkeMtz.NRSRx.Project.Template", "src\IkeMtz.NRSRx.Project.Template\IkeMtz.NRSRx.Project.Template.csproj", "{049E63FD-8005-4035-ADFF-0CCB6209C439}"
EndProject
Project("{9A19103F-16F7-4668-BE54-9A1E7A4F7556}") = "My.NRSRx1.WebApi.Tests", "tests\My.NRSRx1.WebApi.Tests\My.NRSRx1.WebApi.Tests.csproj", "{0D414261-12E5-47E5-91DF-FF2D1A3707C3}"
EndProject
Project("{9A19103F-16F7-4668-BE54-9A1E7A4F7556}") = "My.NRSRx1.WebApi", "tests\My.NRSRx1.WebApi\My.NRSRx1.WebApi.csproj", "{7C54DA26-E4B9-4F76-B5ED-66216F708E0F}"
EndProject
Project("{9A19103F-16F7-4668-BE54-9A1E7A4F7556}") = "My.NRSRx1.Models", "tests\My.NRSRx1.Models\My.NRSRx1.Models.csproj", "{566C3A34-60BD-48AB-8911-D44F971A02CB}"
EndProject
Global
	GlobalSection(SolutionConfigurationPlatforms) = preSolution
		Debug|Any CPU = Debug|Any CPU
		Debug|x86 = Debug|x86
		Release|Any CPU = Release|Any CPU
		Release|x86 = Release|x86
	EndGlobalSection
	GlobalSection(ProjectConfigurationPlatforms) = postSolution
		{7BC371F4-D8AD-4595-8BFE-EFAE7F3163A5}.Debug|Any CPU.ActiveCfg = Debug|Any CPU
		{7BC371F4-D8AD-4595-8BFE-EFAE7F3163A5}.Debug|Any CPU.Build.0 = Debug|Any CPU
		{7BC371F4-D8AD-4595-8BFE-EFAE7F3163A5}.Debug|x86.ActiveCfg = Debug|Any CPU
		{7BC371F4-D8AD-4595-8BFE-EFAE7F3163A5}.Debug|x86.Build.0 = Debug|Any CPU
		{7BC371F4-D8AD-4595-8BFE-EFAE7F3163A5}.Release|Any CPU.ActiveCfg = Release|Any CPU
		{7BC371F4-D8AD-4595-8BFE-EFAE7F3163A5}.Release|Any CPU.Build.0 = Release|Any CPU
		{7BC371F4-D8AD-4595-8BFE-EFAE7F3163A5}.Release|x86.ActiveCfg = Release|Any CPU
		{7BC371F4-D8AD-4595-8BFE-EFAE7F3163A5}.Release|x86.Build.0 = Release|Any CPU
		{C385F32D-954A-46B5-A56E-B0F9DD23C1FD}.Debug|Any CPU.ActiveCfg = Debug|Any CPU
		{C385F32D-954A-46B5-A56E-B0F9DD23C1FD}.Debug|Any CPU.Build.0 = Debug|Any CPU
		{C385F32D-954A-46B5-A56E-B0F9DD23C1FD}.Debug|x86.ActiveCfg = Debug|x86
		{C385F32D-954A-46B5-A56E-B0F9DD23C1FD}.Debug|x86.Build.0 = Debug|x86
		{C385F32D-954A-46B5-A56E-B0F9DD23C1FD}.Release|Any CPU.ActiveCfg = Release|Any CPU
		{C385F32D-954A-46B5-A56E-B0F9DD23C1FD}.Release|Any CPU.Build.0 = Release|Any CPU
		{C385F32D-954A-46B5-A56E-B0F9DD23C1FD}.Release|x86.ActiveCfg = Release|x86
		{C385F32D-954A-46B5-A56E-B0F9DD23C1FD}.Release|x86.Build.0 = Release|x86
		{049E63FD-8005-4035-ADFF-0CCB6209C439}.Debug|Any CPU.ActiveCfg = Debug|Any CPU
		{049E63FD-8005-4035-ADFF-0CCB6209C439}.Debug|Any CPU.Build.0 = Debug|Any CPU
		{049E63FD-8005-4035-ADFF-0CCB6209C439}.Debug|x86.ActiveCfg = Debug|x86
		{049E63FD-8005-4035-ADFF-0CCB6209C439}.Debug|x86.Build.0 = Debug|x86
		{049E63FD-8005-4035-ADFF-0CCB6209C439}.Release|Any CPU.ActiveCfg = Release|Any CPU
		{049E63FD-8005-4035-ADFF-0CCB6209C439}.Release|Any CPU.Build.0 = Release|Any CPU
		{049E63FD-8005-4035-ADFF-0CCB6209C439}.Release|x86.ActiveCfg = Release|x86
		{049E63FD-8005-4035-ADFF-0CCB6209C439}.Release|x86.Build.0 = Release|x86
		{0D414261-12E5-47E5-91DF-FF2D1A3707C3}.Debug|Any CPU.ActiveCfg = Debug|Any CPU
		{0D414261-12E5-47E5-91DF-FF2D1A3707C3}.Debug|Any CPU.Build.0 = Debug|Any CPU
		{0D414261-12E5-47E5-91DF-FF2D1A3707C3}.Debug|x86.ActiveCfg = Debug|Any CPU
		{0D414261-12E5-47E5-91DF-FF2D1A3707C3}.Debug|x86.Build.0 = Debug|Any CPU
		{0D414261-12E5-47E5-91DF-FF2D1A3707C3}.Release|Any CPU.ActiveCfg = Release|Any CPU
		{0D414261-12E5-47E5-91DF-FF2D1A3707C3}.Release|Any CPU.Build.0 = Release|Any CPU
		{0D414261-12E5-47E5-91DF-FF2D1A3707C3}.Release|x86.ActiveCfg = Release|Any CPU
		{0D414261-12E5-47E5-91DF-FF2D1A3707C3}.Release|x86.Build.0 = Release|Any CPU
		{7C54DA26-E4B9-4F76-B5ED-66216F708E0F}.Debug|Any CPU.ActiveCfg = Debug|Any CPU
		{7C54DA26-E4B9-4F76-B5ED-66216F708E0F}.Debug|Any CPU.Build.0 = Debug|Any CPU
		{7C54DA26-E4B9-4F76-B5ED-66216F708E0F}.Debug|x86.ActiveCfg = Debug|Any CPU
		{7C54DA26-E4B9-4F76-B5ED-66216F708E0F}.Debug|x86.Build.0 = Debug|Any CPU
		{7C54DA26-E4B9-4F76-B5ED-66216F708E0F}.Release|Any CPU.ActiveCfg = Release|Any CPU
		{7C54DA26-E4B9-4F76-B5ED-66216F708E0F}.Release|Any CPU.Build.0 = Release|Any CPU
		{7C54DA26-E4B9-4F76-B5ED-66216F708E0F}.Release|x86.ActiveCfg = Release|Any CPU
		{7C54DA26-E4B9-4F76-B5ED-66216F708E0F}.Release|x86.Build.0 = Release|Any CPU
		{566C3A34-60BD-48AB-8911-D44F971A02CB}.Debug|Any CPU.ActiveCfg = Debug|Any CPU
		{566C3A34-60BD-48AB-8911-D44F971A02CB}.Debug|Any CPU.Build.0 = Debug|Any CPU
		{566C3A34-60BD-48AB-8911-D44F971A02CB}.Debug|x86.ActiveCfg = Debug|Any CPU
		{566C3A34-60BD-48AB-8911-D44F971A02CB}.Debug|x86.Build.0 = Debug|Any CPU
		{566C3A34-60BD-48AB-8911-D44F971A02CB}.Release|Any CPU.ActiveCfg = Release|Any CPU
		{566C3A34-60BD-48AB-8911-D44F971A02CB}.Release|Any CPU.Build.0 = Release|Any CPU
		{566C3A34-60BD-48AB-8911-D44F971A02CB}.Release|x86.ActiveCfg = Release|Any CPU
		{566C3A34-60BD-48AB-8911-D44F971A02CB}.Release|x86.Build.0 = Release|Any CPU
	EndGlobalSection
	GlobalSection(SolutionProperties) = preSolution
		HideSolutionNode = FALSE
	EndGlobalSection
	GlobalSection(NestedProjects) = preSolution
		{0D414261-12E5-47E5-91DF-FF2D1A3707C3} = {091A83D0-11FF-47EC-89F0-558F976EF58D}
		{7C54DA26-E4B9-4F76-B5ED-66216F708E0F} = {091A83D0-11FF-47EC-89F0-558F976EF58D}
		{566C3A34-60BD-48AB-8911-D44F971A02CB} = {091A83D0-11FF-47EC-89F0-558F976EF58D}
	EndGlobalSection
	GlobalSection(ExtensibilityGlobals) = postSolution
		SolutionGuid = {0FCF9A22-0D49-4A36-BDF7-2636515EA3AB}
	EndGlobalSection
EndGlobal
