
Microsoft Visual Studio Solution File, Format Version 12.00
# Visual Studio Version 17
VisualStudioVersion = 17.1.32319.34
MinimumVisualStudioVersion = 10.0.40219.1
Project("{2150E333-8FDC-42A3-9474-1A3956D46DE8}") = "Solution Items", "Solution Items", "{CE0E76D6-E10A-4B36-ACC3-AF260F26E554}"
	ProjectSection(SolutionItems) = preProject
		.editorconfig = .editorconfig
		README.md = README.md
	EndProjectSection
EndProject
Project("{2150E333-8FDC-42A3-9474-1A3956D46DE8}") = "Tests", "Tests", "{091A83D0-11FF-47EC-89F0-558F976EF58D}"
EndProject
Project("{9A19103F-16F7-4668-BE54-9A1E7A4F7556}") = "IkeMtz.NRSRx.Templates", "src\IkeMtz.NRSRx.Templates\IkeMtz.NRSRx.Templates.csproj", "{7BC371F4-D8AD-4595-8BFE-EFAE7F3163A5}"
EndProject
Project("{FAE04EC0-301F-11D3-BF4B-00C04F79EFBC}") = "IkeMtz.NRSRx.Extensions", "src\IkeMtz.NRSRx.Extensions\IkeMtz.NRSRx.Extensions.csproj", "{C385F32D-954A-46B5-A56E-B0F9DD23C1FD}"
EndProject
Project("{FAE04EC0-301F-11D3-BF4B-00C04F79EFBC}") = "IkeMtz.NRSRx.Project.Template", "src\IkeMtz.NRSRx.Project.Template\IkeMtz.NRSRx.Project.Template.csproj", "{049E63FD-8005-4035-ADFF-0CCB6209C439}"
EndProject
Project("{9A19103F-16F7-4668-BE54-9A1E7A4F7556}") = "My.NRSRx1.WebApi.Tests", "tests\My.NRSRx1.WebApi.Tests\My.NRSRx1.WebApi.Tests.csproj", "{0D414261-12E5-47E5-91DF-FF2D1A3707C3}"
EndProject
Project("{9A19103F-16F7-4668-BE54-9A1E7A4F7556}") = "My.NRSRx1.WebApi", "tests\My.NRSRx1.WebApi\My.NRSRx1.WebApi.csproj", "{7C54DA26-E4B9-4F76-B5ED-66216F708E0F}"
EndProject
Project("{9A19103F-16F7-4668-BE54-9A1E7A4F7556}") = "My.NRSRx1.Models", "tests\My.NRSRx1.Models\My.NRSRx1.Models.csproj", "{566C3A34-60BD-48AB-8911-D44F971A02CB}"
EndProject
Project("{FAE04EC0-301F-11D3-BF4B-00C04F79EFBC}") = "My.NRSRx2.Models", "tests\My.NRSRx2.Models\My.NRSRx2.Models.csproj", "{60A6F55C-74B3-495B-82FE-6412B6A6A0C9}"
EndProject
Project("{FAE04EC0-301F-11D3-BF4B-00C04F79EFBC}") = "My.NRSRx1.OData", "tests\My.NRSRx1.OData\My.NRSRx1.OData.csproj", "{1C3A38B5-9FA7-4ECA-BE08-087E2CF568BC}"
EndProject
Project("{FAE04EC0-301F-11D3-BF4B-00C04F79EFBC}") = "My.NRSRx2.OData", "tests\My.NRSRx2.OData\My.NRSRx2.OData.csproj", "{2199D4FD-398D-43E8-9695-6D0A426AFE98}"
EndProject
Project("{FAE04EC0-301F-11D3-BF4B-00C04F79EFBC}") = "My.NRSRx1.OData.Tests", "tests\My.NRSRx1.OData.Tests\My.NRSRx1.OData.Tests.csproj", "{505EE274-1379-4FB6-A7BD-72CBB9C4563E}"
EndProject
Project("{FAE04EC0-301F-11D3-BF4B-00C04F79EFBC}") = "My.NRSRx2.OData.Tests", "tests\My.NRSRx2.OData.Tests\My.NRSRx2.OData.Tests.csproj", "{4BE0E8CB-F591-4338-A1F8-1E59ACA1992C}"
EndProject
Project("{FAE04EC0-301F-11D3-BF4B-00C04F79EFBC}") = "My.NRSRx3.OData", "tests\My.NRSRx3.OData\My.NRSRx3.OData.csproj", "{A868B6B7-0876-4C3F-9FD9-5195864A955A}"
EndProject
Project("{FAE04EC0-301F-11D3-BF4B-00C04F79EFBC}") = "My.NRSRx4.OData", "tests\My.NRSRx4.OData\My.NRSRx4.OData.csproj", "{A6CBFFE3-C4D8-4B2F-8DA4-38CDC8E6D269}"
EndProject
Project("{FAE04EC0-301F-11D3-BF4B-00C04F79EFBC}") = "My.NRSRx5.OData", "tests\My.NRSRx5.OData\My.NRSRx5.OData.csproj", "{B6D7CDEF-6240-453D-B07E-0CC86D48E286}"
EndProject
Project("{FAE04EC0-301F-11D3-BF4B-00C04F79EFBC}") = "My.NRSRx6.OData", "tests\My.NRSRx6.OData\My.NRSRx6.OData.csproj", "{68A6C234-1682-4DA1-A4BC-30028107004D}"
EndProject
Project("{FAE04EC0-301F-11D3-BF4B-00C04F79EFBC}") = "My.NRSRx3.OData.Tests", "tests\My.NRSRx3.OData.Tests\My.NRSRx3.OData.Tests.csproj", "{4EC7DBD4-6640-45CF-9A82-3A5D22805827}"
EndProject
Project("{FAE04EC0-301F-11D3-BF4B-00C04F79EFBC}") = "My.NRSRx4.OData.Tests", "tests\My.NRSRx4.OData.Tests\My.NRSRx4.OData.Tests.csproj", "{7B271B7E-1976-40A5-9CFD-0BD8CBEFEA8B}"
EndProject
Project("{FAE04EC0-301F-11D3-BF4B-00C04F79EFBC}") = "My.NRSRx5.OData.Tests", "tests\My.NRSRx5.OData.Tests\My.NRSRx5.OData.Tests.csproj", "{C03F1CD6-C8C7-4402-99BF-92C5947F2539}"
EndProject
Project("{FAE04EC0-301F-11D3-BF4B-00C04F79EFBC}") = "My.NRSRx6.OData.Tests", "tests\My.NRSRx6.OData.Tests\My.NRSRx6.OData.Tests.csproj", "{D1BD2AA5-A7F1-465E-9DC6-E37DB1963A4F}"
EndProject
Project("{FAE04EC0-301F-11D3-BF4B-00C04F79EFBC}") = "My.NRSRx2.WebApi", "tests\My.NRSRx2.WebApi\My.NRSRx2.WebApi.csproj", "{4E83275C-4B9E-4B5A-B118-22794BDA2240}"
EndProject
Project("{FAE04EC0-301F-11D3-BF4B-00C04F79EFBC}") = "My.NRSRx2.WebApi.Tests", "tests\My.NRSRx2.WebApi.Tests\My.NRSRx2.WebApi.Tests.csproj", "{C1F41B2B-4501-4927-BA7B-05B36F1090D7}"
EndProject
Project("{FAE04EC0-301F-11D3-BF4B-00C04F79EFBC}") = "My.NRSRx3.WebApi", "tests\My.NRSRx3.WebApi\My.NRSRx3.WebApi.csproj", "{6AEAA716-CEA1-4AE7-A77D-6287A06C724A}"
EndProject
Project("{FAE04EC0-301F-11D3-BF4B-00C04F79EFBC}") = "My.NRSRx4.WebApi", "tests\My.NRSRx4.WebApi\My.NRSRx4.WebApi.csproj", "{DCC92BFD-42B2-4938-BFB2-8AA1CB3C1E75}"
EndProject
Project("{FAE04EC0-301F-11D3-BF4B-00C04F79EFBC}") = "My.NRSRx5.WebApi", "tests\My.NRSRx5.WebApi\My.NRSRx5.WebApi.csproj", "{898CCA8D-78E4-45B2-BD5D-94226C927C10}"
EndProject
Project("{FAE04EC0-301F-11D3-BF4B-00C04F79EFBC}") = "My.NRSRx6.WebApi", "tests\My.NRSRx6.WebApi\My.NRSRx6.WebApi.csproj", "{51E6BEB9-FA1C-4AAB-BD20-833C5A7C2142}"
EndProject
Global
	GlobalSection(SolutionConfigurationPlatforms) = preSolution
		Debug|Any CPU = Debug|Any CPU
		Debug|x86 = Debug|x86
		Release|Any CPU = Release|Any CPU
		Release|x86 = Release|x86
	EndGlobalSection
	GlobalSection(ProjectConfigurationPlatforms) = postSolution
		{7BC371F4-D8AD-4595-8BFE-EFAE7F3163A5}.Debug|Any CPU.ActiveCfg = Debug|Any CPU
		{7BC371F4-D8AD-4595-8BFE-EFAE7F3163A5}.Debug|Any CPU.Build.0 = Debug|Any CPU
		{7BC371F4-D8AD-4595-8BFE-EFAE7F3163A5}.Debug|x86.ActiveCfg = Debug|Any CPU
		{7BC371F4-D8AD-4595-8BFE-EFAE7F3163A5}.Debug|x86.Build.0 = Debug|Any CPU
		{7BC371F4-D8AD-4595-8BFE-EFAE7F3163A5}.Release|Any CPU.ActiveCfg = Release|Any CPU
		{7BC371F4-D8AD-4595-8BFE-EFAE7F3163A5}.Release|Any CPU.Build.0 = Release|Any CPU
		{7BC371F4-D8AD-4595-8BFE-EFAE7F3163A5}.Release|x86.ActiveCfg = Release|Any CPU
		{7BC371F4-D8AD-4595-8BFE-EFAE7F3163A5}.Release|x86.Build.0 = Release|Any CPU
		{C385F32D-954A-46B5-A56E-B0F9DD23C1FD}.Debug|Any CPU.ActiveCfg = Debug|Any CPU
		{C385F32D-954A-46B5-A56E-B0F9DD23C1FD}.Debug|Any CPU.Build.0 = Debug|Any CPU
		{C385F32D-954A-46B5-A56E-B0F9DD23C1FD}.Debug|x86.ActiveCfg = Debug|x86
		{C385F32D-954A-46B5-A56E-B0F9DD23C1FD}.Debug|x86.Build.0 = Debug|x86
		{C385F32D-954A-46B5-A56E-B0F9DD23C1FD}.Release|Any CPU.ActiveCfg = Release|Any CPU
		{C385F32D-954A-46B5-A56E-B0F9DD23C1FD}.Release|Any CPU.Build.0 = Release|Any CPU
		{C385F32D-954A-46B5-A56E-B0F9DD23C1FD}.Release|x86.ActiveCfg = Release|x86
		{C385F32D-954A-46B5-A56E-B0F9DD23C1FD}.Release|x86.Build.0 = Release|x86
		{049E63FD-8005-4035-ADFF-0CCB6209C439}.Debug|Any CPU.ActiveCfg = Debug|Any CPU
		{049E63FD-8005-4035-ADFF-0CCB6209C439}.Debug|Any CPU.Build.0 = Debug|Any CPU
		{049E63FD-8005-4035-ADFF-0CCB6209C439}.Debug|x86.ActiveCfg = Debug|x86
		{049E63FD-8005-4035-ADFF-0CCB6209C439}.Debug|x86.Build.0 = Debug|x86
		{049E63FD-8005-4035-ADFF-0CCB6209C439}.Release|Any CPU.ActiveCfg = Release|Any CPU
		{049E63FD-8005-4035-ADFF-0CCB6209C439}.Release|Any CPU.Build.0 = Release|Any CPU
		{049E63FD-8005-4035-ADFF-0CCB6209C439}.Release|x86.ActiveCfg = Release|x86
		{049E63FD-8005-4035-ADFF-0CCB6209C439}.Release|x86.Build.0 = Release|x86
		{0D414261-12E5-47E5-91DF-FF2D1A3707C3}.Debug|Any CPU.ActiveCfg = Debug|Any CPU
		{0D414261-12E5-47E5-91DF-FF2D1A3707C3}.Debug|Any CPU.Build.0 = Debug|Any CPU
		{0D414261-12E5-47E5-91DF-FF2D1A3707C3}.Debug|x86.ActiveCfg = Debug|Any CPU
		{0D414261-12E5-47E5-91DF-FF2D1A3707C3}.Debug|x86.Build.0 = Debug|Any CPU
		{0D414261-12E5-47E5-91DF-FF2D1A3707C3}.Release|Any CPU.ActiveCfg = Release|Any CPU
		{0D414261-12E5-47E5-91DF-FF2D1A3707C3}.Release|Any CPU.Build.0 = Release|Any CPU
		{0D414261-12E5-47E5-91DF-FF2D1A3707C3}.Release|x86.ActiveCfg = Release|Any CPU
		{0D414261-12E5-47E5-91DF-FF2D1A3707C3}.Release|x86.Build.0 = Release|Any CPU
		{7C54DA26-E4B9-4F76-B5ED-66216F708E0F}.Debug|Any CPU.ActiveCfg = Debug|Any CPU
		{7C54DA26-E4B9-4F76-B5ED-66216F708E0F}.Debug|Any CPU.Build.0 = Debug|Any CPU
		{7C54DA26-E4B9-4F76-B5ED-66216F708E0F}.Debug|x86.ActiveCfg = Debug|Any CPU
		{7C54DA26-E4B9-4F76-B5ED-66216F708E0F}.Debug|x86.Build.0 = Debug|Any CPU
		{7C54DA26-E4B9-4F76-B5ED-66216F708E0F}.Release|Any CPU.ActiveCfg = Release|Any CPU
		{7C54DA26-E4B9-4F76-B5ED-66216F708E0F}.Release|Any CPU.Build.0 = Release|Any CPU
		{7C54DA26-E4B9-4F76-B5ED-66216F708E0F}.Release|x86.ActiveCfg = Release|Any CPU
		{7C54DA26-E4B9-4F76-B5ED-66216F708E0F}.Release|x86.Build.0 = Release|Any CPU
		{566C3A34-60BD-48AB-8911-D44F971A02CB}.Debug|Any CPU.ActiveCfg = Debug|Any CPU
		{566C3A34-60BD-48AB-8911-D44F971A02CB}.Debug|Any CPU.Build.0 = Debug|Any CPU
		{566C3A34-60BD-48AB-8911-D44F971A02CB}.Debug|x86.ActiveCfg = Debug|Any CPU
		{566C3A34-60BD-48AB-8911-D44F971A02CB}.Debug|x86.Build.0 = Debug|Any CPU
		{566C3A34-60BD-48AB-8911-D44F971A02CB}.Release|Any CPU.ActiveCfg = Release|Any CPU
		{566C3A34-60BD-48AB-8911-D44F971A02CB}.Release|Any CPU.Build.0 = Release|Any CPU
		{566C3A34-60BD-48AB-8911-D44F971A02CB}.Release|x86.ActiveCfg = Release|Any CPU
		{566C3A34-60BD-48AB-8911-D44F971A02CB}.Release|x86.Build.0 = Release|Any CPU
		{60A6F55C-74B3-495B-82FE-6412B6A6A0C9}.Debug|Any CPU.ActiveCfg = Debug|Any CPU
		{60A6F55C-74B3-495B-82FE-6412B6A6A0C9}.Debug|Any CPU.Build.0 = Debug|Any CPU
		{60A6F55C-74B3-495B-82FE-6412B6A6A0C9}.Debug|x86.ActiveCfg = Debug|Any CPU
		{60A6F55C-74B3-495B-82FE-6412B6A6A0C9}.Debug|x86.Build.0 = Debug|Any CPU
		{60A6F55C-74B3-495B-82FE-6412B6A6A0C9}.Release|Any CPU.ActiveCfg = Release|Any CPU
		{60A6F55C-74B3-495B-82FE-6412B6A6A0C9}.Release|Any CPU.Build.0 = Release|Any CPU
		{60A6F55C-74B3-495B-82FE-6412B6A6A0C9}.Release|x86.ActiveCfg = Release|Any CPU
		{60A6F55C-74B3-495B-82FE-6412B6A6A0C9}.Release|x86.Build.0 = Release|Any CPU
		{1C3A38B5-9FA7-4ECA-BE08-087E2CF568BC}.Debug|Any CPU.ActiveCfg = Debug|Any CPU
		{1C3A38B5-9FA7-4ECA-BE08-087E2CF568BC}.Debug|Any CPU.Build.0 = Debug|Any CPU
		{1C3A38B5-9FA7-4ECA-BE08-087E2CF568BC}.Debug|x86.ActiveCfg = Debug|Any CPU
		{1C3A38B5-9FA7-4ECA-BE08-087E2CF568BC}.Debug|x86.Build.0 = Debug|Any CPU
		{1C3A38B5-9FA7-4ECA-BE08-087E2CF568BC}.Release|Any CPU.ActiveCfg = Release|Any CPU
		{1C3A38B5-9FA7-4ECA-BE08-087E2CF568BC}.Release|Any CPU.Build.0 = Release|Any CPU
		{1C3A38B5-9FA7-4ECA-BE08-087E2CF568BC}.Release|x86.ActiveCfg = Release|Any CPU
		{1C3A38B5-9FA7-4ECA-BE08-087E2CF568BC}.Release|x86.Build.0 = Release|Any CPU
		{2199D4FD-398D-43E8-9695-6D0A426AFE98}.Debug|Any CPU.ActiveCfg = Debug|Any CPU
		{2199D4FD-398D-43E8-9695-6D0A426AFE98}.Debug|Any CPU.Build.0 = Debug|Any CPU
		{2199D4FD-398D-43E8-9695-6D0A426AFE98}.Debug|x86.ActiveCfg = Debug|Any CPU
		{2199D4FD-398D-43E8-9695-6D0A426AFE98}.Debug|x86.Build.0 = Debug|Any CPU
		{2199D4FD-398D-43E8-9695-6D0A426AFE98}.Release|Any CPU.ActiveCfg = Release|Any CPU
		{2199D4FD-398D-43E8-9695-6D0A426AFE98}.Release|Any CPU.Build.0 = Release|Any CPU
		{2199D4FD-398D-43E8-9695-6D0A426AFE98}.Release|x86.ActiveCfg = Release|Any CPU
		{2199D4FD-398D-43E8-9695-6D0A426AFE98}.Release|x86.Build.0 = Release|Any CPU
		{505EE274-1379-4FB6-A7BD-72CBB9C4563E}.Debug|Any CPU.ActiveCfg = Debug|Any CPU
		{505EE274-1379-4FB6-A7BD-72CBB9C4563E}.Debug|Any CPU.Build.0 = Debug|Any CPU
		{505EE274-1379-4FB6-A7BD-72CBB9C4563E}.Debug|x86.ActiveCfg = Debug|Any CPU
		{505EE274-1379-4FB6-A7BD-72CBB9C4563E}.Debug|x86.Build.0 = Debug|Any CPU
		{505EE274-1379-4FB6-A7BD-72CBB9C4563E}.Release|Any CPU.ActiveCfg = Release|Any CPU
		{505EE274-1379-4FB6-A7BD-72CBB9C4563E}.Release|Any CPU.Build.0 = Release|Any CPU
		{505EE274-1379-4FB6-A7BD-72CBB9C4563E}.Release|x86.ActiveCfg = Release|Any CPU
		{505EE274-1379-4FB6-A7BD-72CBB9C4563E}.Release|x86.Build.0 = Release|Any CPU
		{4BE0E8CB-F591-4338-A1F8-1E59ACA1992C}.Debug|Any CPU.ActiveCfg = Debug|Any CPU
		{4BE0E8CB-F591-4338-A1F8-1E59ACA1992C}.Debug|Any CPU.Build.0 = Debug|Any CPU
		{4BE0E8CB-F591-4338-A1F8-1E59ACA1992C}.Debug|x86.ActiveCfg = Debug|Any CPU
		{4BE0E8CB-F591-4338-A1F8-1E59ACA1992C}.Debug|x86.Build.0 = Debug|Any CPU
		{4BE0E8CB-F591-4338-A1F8-1E59ACA1992C}.Release|Any CPU.ActiveCfg = Release|Any CPU
		{4BE0E8CB-F591-4338-A1F8-1E59ACA1992C}.Release|Any CPU.Build.0 = Release|Any CPU
		{4BE0E8CB-F591-4338-A1F8-1E59ACA1992C}.Release|x86.ActiveCfg = Release|Any CPU
		{4BE0E8CB-F591-4338-A1F8-1E59ACA1992C}.Release|x86.Build.0 = Release|Any CPU
		{A868B6B7-0876-4C3F-9FD9-5195864A955A}.Debug|Any CPU.ActiveCfg = Debug|Any CPU
		{A868B6B7-0876-4C3F-9FD9-5195864A955A}.Debug|Any CPU.Build.0 = Debug|Any CPU
		{A868B6B7-0876-4C3F-9FD9-5195864A955A}.Debug|x86.ActiveCfg = Debug|Any CPU
		{A868B6B7-0876-4C3F-9FD9-5195864A955A}.Debug|x86.Build.0 = Debug|Any CPU
		{A868B6B7-0876-4C3F-9FD9-5195864A955A}.Release|Any CPU.ActiveCfg = Release|Any CPU
		{A868B6B7-0876-4C3F-9FD9-5195864A955A}.Release|Any CPU.Build.0 = Release|Any CPU
		{A868B6B7-0876-4C3F-9FD9-5195864A955A}.Release|x86.ActiveCfg = Release|Any CPU
		{A868B6B7-0876-4C3F-9FD9-5195864A955A}.Release|x86.Build.0 = Release|Any CPU
		{A6CBFFE3-C4D8-4B2F-8DA4-38CDC8E6D269}.Debug|Any CPU.ActiveCfg = Debug|Any CPU
		{A6CBFFE3-C4D8-4B2F-8DA4-38CDC8E6D269}.Debug|Any CPU.Build.0 = Debug|Any CPU
		{A6CBFFE3-C4D8-4B2F-8DA4-38CDC8E6D269}.Debug|x86.ActiveCfg = Debug|Any CPU
		{A6CBFFE3-C4D8-4B2F-8DA4-38CDC8E6D269}.Debug|x86.Build.0 = Debug|Any CPU
		{A6CBFFE3-C4D8-4B2F-8DA4-38CDC8E6D269}.Release|Any CPU.ActiveCfg = Release|Any CPU
		{A6CBFFE3-C4D8-4B2F-8DA4-38CDC8E6D269}.Release|Any CPU.Build.0 = Release|Any CPU
		{A6CBFFE3-C4D8-4B2F-8DA4-38CDC8E6D269}.Release|x86.ActiveCfg = Release|Any CPU
		{A6CBFFE3-C4D8-4B2F-8DA4-38CDC8E6D269}.Release|x86.Build.0 = Release|Any CPU
		{B6D7CDEF-6240-453D-B07E-0CC86D48E286}.Debug|Any CPU.ActiveCfg = Debug|Any CPU
		{B6D7CDEF-6240-453D-B07E-0CC86D48E286}.Debug|Any CPU.Build.0 = Debug|Any CPU
		{B6D7CDEF-6240-453D-B07E-0CC86D48E286}.Debug|x86.ActiveCfg = Debug|Any CPU
		{B6D7CDEF-6240-453D-B07E-0CC86D48E286}.Debug|x86.Build.0 = Debug|Any CPU
		{B6D7CDEF-6240-453D-B07E-0CC86D48E286}.Release|Any CPU.ActiveCfg = Release|Any CPU
		{B6D7CDEF-6240-453D-B07E-0CC86D48E286}.Release|Any CPU.Build.0 = Release|Any CPU
		{B6D7CDEF-6240-453D-B07E-0CC86D48E286}.Release|x86.ActiveCfg = Release|Any CPU
		{B6D7CDEF-6240-453D-B07E-0CC86D48E286}.Release|x86.Build.0 = Release|Any CPU
		{68A6C234-1682-4DA1-A4BC-30028107004D}.Debug|Any CPU.ActiveCfg = Debug|Any CPU
		{68A6C234-1682-4DA1-A4BC-30028107004D}.Debug|Any CPU.Build.0 = Debug|Any CPU
		{68A6C234-1682-4DA1-A4BC-30028107004D}.Debug|x86.ActiveCfg = Debug|Any CPU
		{68A6C234-1682-4DA1-A4BC-30028107004D}.Debug|x86.Build.0 = Debug|Any CPU
		{68A6C234-1682-4DA1-A4BC-30028107004D}.Release|Any CPU.ActiveCfg = Release|Any CPU
		{68A6C234-1682-4DA1-A4BC-30028107004D}.Release|Any CPU.Build.0 = Release|Any CPU
		{68A6C234-1682-4DA1-A4BC-30028107004D}.Release|x86.ActiveCfg = Release|Any CPU
		{68A6C234-1682-4DA1-A4BC-30028107004D}.Release|x86.Build.0 = Release|Any CPU
		{4EC7DBD4-6640-45CF-9A82-3A5D22805827}.Debug|Any CPU.ActiveCfg = Debug|Any CPU
		{4EC7DBD4-6640-45CF-9A82-3A5D22805827}.Debug|Any CPU.Build.0 = Debug|Any CPU
		{4EC7DBD4-6640-45CF-9A82-3A5D22805827}.Debug|x86.ActiveCfg = Debug|Any CPU
		{4EC7DBD4-6640-45CF-9A82-3A5D22805827}.Debug|x86.Build.0 = Debug|Any CPU
		{4EC7DBD4-6640-45CF-9A82-3A5D22805827}.Release|Any CPU.ActiveCfg = Release|Any CPU
		{4EC7DBD4-6640-45CF-9A82-3A5D22805827}.Release|Any CPU.Build.0 = Release|Any CPU
		{4EC7DBD4-6640-45CF-9A82-3A5D22805827}.Release|x86.ActiveCfg = Release|Any CPU
		{4EC7DBD4-6640-45CF-9A82-3A5D22805827}.Release|x86.Build.0 = Release|Any CPU
		{7B271B7E-1976-40A5-9CFD-0BD8CBEFEA8B}.Debug|Any CPU.ActiveCfg = Debug|Any CPU
		{7B271B7E-1976-40A5-9CFD-0BD8CBEFEA8B}.Debug|Any CPU.Build.0 = Debug|Any CPU
		{7B271B7E-1976-40A5-9CFD-0BD8CBEFEA8B}.Debug|x86.ActiveCfg = Debug|Any CPU
		{7B271B7E-1976-40A5-9CFD-0BD8CBEFEA8B}.Debug|x86.Build.0 = Debug|Any CPU
		{7B271B7E-1976-40A5-9CFD-0BD8CBEFEA8B}.Release|Any CPU.ActiveCfg = Release|Any CPU
		{7B271B7E-1976-40A5-9CFD-0BD8CBEFEA8B}.Release|Any CPU.Build.0 = Release|Any CPU
		{7B271B7E-1976-40A5-9CFD-0BD8CBEFEA8B}.Release|x86.ActiveCfg = Release|Any CPU
		{7B271B7E-1976-40A5-9CFD-0BD8CBEFEA8B}.Release|x86.Build.0 = Release|Any CPU
		{C03F1CD6-C8C7-4402-99BF-92C5947F2539}.Debug|Any CPU.ActiveCfg = Debug|Any CPU
		{C03F1CD6-C8C7-4402-99BF-92C5947F2539}.Debug|Any CPU.Build.0 = Debug|Any CPU
		{C03F1CD6-C8C7-4402-99BF-92C5947F2539}.Debug|x86.ActiveCfg = Debug|Any CPU
		{C03F1CD6-C8C7-4402-99BF-92C5947F2539}.Debug|x86.Build.0 = Debug|Any CPU
		{C03F1CD6-C8C7-4402-99BF-92C5947F2539}.Release|Any CPU.ActiveCfg = Release|Any CPU
		{C03F1CD6-C8C7-4402-99BF-92C5947F2539}.Release|Any CPU.Build.0 = Release|Any CPU
		{C03F1CD6-C8C7-4402-99BF-92C5947F2539}.Release|x86.ActiveCfg = Release|Any CPU
		{C03F1CD6-C8C7-4402-99BF-92C5947F2539}.Release|x86.Build.0 = Release|Any CPU
		{D1BD2AA5-A7F1-465E-9DC6-E37DB1963A4F}.Debug|Any CPU.ActiveCfg = Debug|Any CPU
		{D1BD2AA5-A7F1-465E-9DC6-E37DB1963A4F}.Debug|Any CPU.Build.0 = Debug|Any CPU
		{D1BD2AA5-A7F1-465E-9DC6-E37DB1963A4F}.Debug|x86.ActiveCfg = Debug|Any CPU
		{D1BD2AA5-A7F1-465E-9DC6-E37DB1963A4F}.Debug|x86.Build.0 = Debug|Any CPU
		{D1BD2AA5-A7F1-465E-9DC6-E37DB1963A4F}.Release|Any CPU.ActiveCfg = Release|Any CPU
		{D1BD2AA5-A7F1-465E-9DC6-E37DB1963A4F}.Release|Any CPU.Build.0 = Release|Any CPU
		{D1BD2AA5-A7F1-465E-9DC6-E37DB1963A4F}.Release|x86.ActiveCfg = Release|Any CPU
		{D1BD2AA5-A7F1-465E-9DC6-E37DB1963A4F}.Release|x86.Build.0 = Release|Any CPU
		{4E83275C-4B9E-4B5A-B118-22794BDA2240}.Debug|Any CPU.ActiveCfg = Debug|Any CPU
		{4E83275C-4B9E-4B5A-B118-22794BDA2240}.Debug|Any CPU.Build.0 = Debug|Any CPU
		{4E83275C-4B9E-4B5A-B118-22794BDA2240}.Debug|x86.ActiveCfg = Debug|Any CPU
		{4E83275C-4B9E-4B5A-B118-22794BDA2240}.Debug|x86.Build.0 = Debug|Any CPU
		{4E83275C-4B9E-4B5A-B118-22794BDA2240}.Release|Any CPU.ActiveCfg = Release|Any CPU
		{4E83275C-4B9E-4B5A-B118-22794BDA2240}.Release|Any CPU.Build.0 = Release|Any CPU
		{4E83275C-4B9E-4B5A-B118-22794BDA2240}.Release|x86.ActiveCfg = Release|Any CPU
		{4E83275C-4B9E-4B5A-B118-22794BDA2240}.Release|x86.Build.0 = Release|Any CPU
		{C1F41B2B-4501-4927-BA7B-05B36F1090D7}.Debug|Any CPU.ActiveCfg = Debug|Any CPU
		{C1F41B2B-4501-4927-BA7B-05B36F1090D7}.Debug|Any CPU.Build.0 = Debug|Any CPU
		{C1F41B2B-4501-4927-BA7B-05B36F1090D7}.Debug|x86.ActiveCfg = Debug|Any CPU
		{C1F41B2B-4501-4927-BA7B-05B36F1090D7}.Debug|x86.Build.0 = Debug|Any CPU
		{C1F41B2B-4501-4927-BA7B-05B36F1090D7}.Release|Any CPU.ActiveCfg = Release|Any CPU
		{C1F41B2B-4501-4927-BA7B-05B36F1090D7}.Release|Any CPU.Build.0 = Release|Any CPU
		{C1F41B2B-4501-4927-BA7B-05B36F1090D7}.Release|x86.ActiveCfg = Release|Any CPU
		{C1F41B2B-4501-4927-BA7B-05B36F1090D7}.Release|x86.Build.0 = Release|Any CPU
		{6AEAA716-CEA1-4AE7-A77D-6287A06C724A}.Debug|Any CPU.ActiveCfg = Debug|Any CPU
		{6AEAA716-CEA1-4AE7-A77D-6287A06C724A}.Debug|Any CPU.Build.0 = Debug|Any CPU
		{6AEAA716-CEA1-4AE7-A77D-6287A06C724A}.Debug|x86.ActiveCfg = Debug|Any CPU
		{6AEAA716-CEA1-4AE7-A77D-6287A06C724A}.Debug|x86.Build.0 = Debug|Any CPU
		{6AEAA716-CEA1-4AE7-A77D-6287A06C724A}.Release|Any CPU.ActiveCfg = Release|Any CPU
		{6AEAA716-CEA1-4AE7-A77D-6287A06C724A}.Release|Any CPU.Build.0 = Release|Any CPU
		{6AEAA716-CEA1-4AE7-A77D-6287A06C724A}.Release|x86.ActiveCfg = Release|Any CPU
		{6AEAA716-CEA1-4AE7-A77D-6287A06C724A}.Release|x86.Build.0 = Release|Any CPU
		{DCC92BFD-42B2-4938-BFB2-8AA1CB3C1E75}.Debug|Any CPU.ActiveCfg = Debug|Any CPU
		{DCC92BFD-42B2-4938-BFB2-8AA1CB3C1E75}.Debug|Any CPU.Build.0 = Debug|Any CPU
		{DCC92BFD-42B2-4938-BFB2-8AA1CB3C1E75}.Debug|x86.ActiveCfg = Debug|Any CPU
		{DCC92BFD-42B2-4938-BFB2-8AA1CB3C1E75}.Debug|x86.Build.0 = Debug|Any CPU
		{DCC92BFD-42B2-4938-BFB2-8AA1CB3C1E75}.Release|Any CPU.ActiveCfg = Release|Any CPU
		{DCC92BFD-42B2-4938-BFB2-8AA1CB3C1E75}.Release|Any CPU.Build.0 = Release|Any CPU
		{DCC92BFD-42B2-4938-BFB2-8AA1CB3C1E75}.Release|x86.ActiveCfg = Release|Any CPU
		{DCC92BFD-42B2-4938-BFB2-8AA1CB3C1E75}.Release|x86.Build.0 = Release|Any CPU
		{898CCA8D-78E4-45B2-BD5D-94226C927C10}.Debug|Any CPU.ActiveCfg = Debug|Any CPU
		{898CCA8D-78E4-45B2-BD5D-94226C927C10}.Debug|Any CPU.Build.0 = Debug|Any CPU
		{898CCA8D-78E4-45B2-BD5D-94226C927C10}.Debug|x86.ActiveCfg = Debug|Any CPU
		{898CCA8D-78E4-45B2-BD5D-94226C927C10}.Debug|x86.Build.0 = Debug|Any CPU
		{898CCA8D-78E4-45B2-BD5D-94226C927C10}.Release|Any CPU.ActiveCfg = Release|Any CPU
		{898CCA8D-78E4-45B2-BD5D-94226C927C10}.Release|Any CPU.Build.0 = Release|Any CPU
		{898CCA8D-78E4-45B2-BD5D-94226C927C10}.Release|x86.ActiveCfg = Release|Any CPU
		{898CCA8D-78E4-45B2-BD5D-94226C927C10}.Release|x86.Build.0 = Release|Any CPU
		{51E6BEB9-FA1C-4AAB-BD20-833C5A7C2142}.Debug|Any CPU.ActiveCfg = Debug|Any CPU
		{51E6BEB9-FA1C-4AAB-BD20-833C5A7C2142}.Debug|Any CPU.Build.0 = Debug|Any CPU
		{51E6BEB9-FA1C-4AAB-BD20-833C5A7C2142}.Debug|x86.ActiveCfg = Debug|Any CPU
		{51E6BEB9-FA1C-4AAB-BD20-833C5A7C2142}.Debug|x86.Build.0 = Debug|Any CPU
		{51E6BEB9-FA1C-4AAB-BD20-833C5A7C2142}.Release|Any CPU.ActiveCfg = Release|Any CPU
		{51E6BEB9-FA1C-4AAB-BD20-833C5A7C2142}.Release|Any CPU.Build.0 = Release|Any CPU
		{51E6BEB9-FA1C-4AAB-BD20-833C5A7C2142}.Release|x86.ActiveCfg = Release|Any CPU
		{51E6BEB9-FA1C-4AAB-BD20-833C5A7C2142}.Release|x86.Build.0 = Release|Any CPU
	EndGlobalSection
	GlobalSection(SolutionProperties) = preSolution
		HideSolutionNode = FALSE
	EndGlobalSection
	GlobalSection(NestedProjects) = preSolution
		{0D414261-12E5-47E5-91DF-FF2D1A3707C3} = {091A83D0-11FF-47EC-89F0-558F976EF58D}
		{7C54DA26-E4B9-4F76-B5ED-66216F708E0F} = {091A83D0-11FF-47EC-89F0-558F976EF58D}
		{566C3A34-60BD-48AB-8911-D44F971A02CB} = {091A83D0-11FF-47EC-89F0-558F976EF58D}
		{60A6F55C-74B3-495B-82FE-6412B6A6A0C9} = {091A83D0-11FF-47EC-89F0-558F976EF58D}
		{1C3A38B5-9FA7-4ECA-BE08-087E2CF568BC} = {091A83D0-11FF-47EC-89F0-558F976EF58D}
		{2199D4FD-398D-43E8-9695-6D0A426AFE98} = {091A83D0-11FF-47EC-89F0-558F976EF58D}
		{505EE274-1379-4FB6-A7BD-72CBB9C4563E} = {091A83D0-11FF-47EC-89F0-558F976EF58D}
		{4BE0E8CB-F591-4338-A1F8-1E59ACA1992C} = {091A83D0-11FF-47EC-89F0-558F976EF58D}
		{A868B6B7-0876-4C3F-9FD9-5195864A955A} = {091A83D0-11FF-47EC-89F0-558F976EF58D}
		{A6CBFFE3-C4D8-4B2F-8DA4-38CDC8E6D269} = {091A83D0-11FF-47EC-89F0-558F976EF58D}
		{B6D7CDEF-6240-453D-B07E-0CC86D48E286} = {091A83D0-11FF-47EC-89F0-558F976EF58D}
		{68A6C234-1682-4DA1-A4BC-30028107004D} = {091A83D0-11FF-47EC-89F0-558F976EF58D}
		{4EC7DBD4-6640-45CF-9A82-3A5D22805827} = {091A83D0-11FF-47EC-89F0-558F976EF58D}
		{7B271B7E-1976-40A5-9CFD-0BD8CBEFEA8B} = {091A83D0-11FF-47EC-89F0-558F976EF58D}
		{C03F1CD6-C8C7-4402-99BF-92C5947F2539} = {091A83D0-11FF-47EC-89F0-558F976EF58D}
		{D1BD2AA5-A7F1-465E-9DC6-E37DB1963A4F} = {091A83D0-11FF-47EC-89F0-558F976EF58D}
		{4E83275C-4B9E-4B5A-B118-22794BDA2240} = {091A83D0-11FF-47EC-89F0-558F976EF58D}
		{C1F41B2B-4501-4927-BA7B-05B36F1090D7} = {091A83D0-11FF-47EC-89F0-558F976EF58D}
		{6AEAA716-CEA1-4AE7-A77D-6287A06C724A} = {091A83D0-11FF-47EC-89F0-558F976EF58D}
		{DCC92BFD-42B2-4938-BFB2-8AA1CB3C1E75} = {091A83D0-11FF-47EC-89F0-558F976EF58D}
		{898CCA8D-78E4-45B2-BD5D-94226C927C10} = {091A83D0-11FF-47EC-89F0-558F976EF58D}
		{51E6BEB9-FA1C-4AAB-BD20-833C5A7C2142} = {091A83D0-11FF-47EC-89F0-558F976EF58D}
	EndGlobalSection
	GlobalSection(ExtensibilityGlobals) = postSolution
		SolutionGuid = {0FCF9A22-0D49-4A36-BDF7-2636515EA3AB}
	EndGlobalSection
EndGlobal
